
Microsoft Visual Studio Solution File, Format Version 12.00
# Visual Studio Version 16
VisualStudioVersion = 16.0.28803.156
MinimumVisualStudioVersion = 10.0.40219.1
Project("{FAE04EC0-301F-11D3-BF4B-00C04F79EFBC}") = "Personal Finance Management", "Personal Finance Management\Personal Finance Management.csproj", "{8BE8C636-2E4F-4C8B-950D-2E42B4ADF5DA}"
EndProject
Global
	GlobalSection(SolutionConfigurationPlatforms) = preSolution
		Debug|Any CPU = Debug|Any CPU
		Release|Any CPU = Release|Any CPU
	EndGlobalSection
	GlobalSection(ProjectConfigurationPlatforms) = postSolution
		{8BE8C636-2E4F-4C8B-950D-2E42B4ADF5DA}.Debug|Any CPU.ActiveCfg = Debug|Any CPU
		{8BE8C636-2E4F-4C8B-950D-2E42B4ADF5DA}.Debug|Any CPU.Build.0 = Debug|Any CPU
		{8BE8C636-2E4F-4C8B-950D-2E42B4ADF5DA}.Release|Any CPU.ActiveCfg = Release|Any CPU
		{8BE8C636-2E4F-4C8B-950D-2E42B4ADF5DA}.Release|Any CPU.Build.0 = Release|Any CPU
	EndGlobalSection
	GlobalSection(SolutionProperties) = preSolution
		HideSolutionNode = FALSE
	EndGlobalSection
	GlobalSection(ExtensibilityGlobals) = postSolution
		SolutionGuid = {6C5279A7-8D72-4E70-90C4-EC5EE4ABCF38}
	EndGlobalSection
EndGlobal
